
Microsoft Visual Studio Solution File, Format Version 12.00
# Visual Studio Version 17
VisualStudioVersion = 17.5.002.0
MinimumVisualStudioVersion = 10.0.40219.1
Project("{9A19103F-16F7-4668-BE54-9A1E7A4F7556}") = "AutoDocX", "AutoDocX.csproj", "{9789347F-8B84-4014-A3EE-722714E19064}"
EndProject
Global
	GlobalSection(SolutionConfigurationPlatforms) = preSolution
		Debug|Any CPU = Debug|Any CPU
		Release|Any CPU = Release|Any CPU
	EndGlobalSection
	GlobalSection(ProjectConfigurationPlatforms) = postSolution
		{9789347F-8B84-4014-A3EE-722714E19064}.Debug|Any CPU.ActiveCfg = Debug|Any CPU
		{9789347F-8B84-4014-A3EE-722714E19064}.Debug|Any CPU.Build.0 = Debug|Any CPU
		{9789347F-8B84-4014-A3EE-722714E19064}.Release|Any CPU.ActiveCfg = Release|Any CPU
		{9789347F-8B84-4014-A3EE-722714E19064}.Release|Any CPU.Build.0 = Release|Any CPU
	EndGlobalSection
	GlobalSection(SolutionProperties) = preSolution
		HideSolutionNode = FALSE
	EndGlobalSection
	GlobalSection(ExtensibilityGlobals) = postSolution
		SolutionGuid = {F6E1661A-D63D-452E-BD74-4E611BAC8A7C}
	EndGlobalSection
EndGlobal
